// !$*UTF8*$!
{
	archiveVersion = 1;
	classes = {
	};
	objectVersion = 56;
	objects = {

/* Begin PBXBuildFile section */
		EE77D1F92B3EBBEA00B83E41 /* test.mp4 in Resources */ = {isa = PBXBuildFile; fileRef = EE77D1F82B3EBBEA00B83E41 /* test.mp4 */; };
		EEC7AF232B3EA11100B2BA00 /* AppDelegate.swift in Sources */ = {isa = PBXBuildFile; fileRef = EEC7AF222B3EA11100B2BA00 /* AppDelegate.swift */; };
		EEC7AF252B3EA11100B2BA00 /* SceneDelegate.swift in Sources */ = {isa = PBXBuildFile; fileRef = EEC7AF242B3EA11100B2BA00 /* SceneDelegate.swift */; };
		EEC7AF272B3EA11100B2BA00 /* ViewController.swift in Sources */ = {isa = PBXBuildFile; fileRef = EEC7AF262B3EA11100B2BA00 /* ViewController.swift */; };
		EEC7AF2A2B3EA11100B2BA00 /* Main.storyboard in Resources */ = {isa = PBXBuildFile; fileRef = EEC7AF282B3EA11100B2BA00 /* Main.storyboard */; };
		EEC7AF2C2B3EA11200B2BA00 /* Assets.xcassets in Resources */ = {isa = PBXBuildFile; fileRef = EEC7AF2B2B3EA11200B2BA00 /* Assets.xcassets */; };
		EEC7AF2F2B3EA11200B2BA00 /* LaunchScreen.storyboard in Resources */ = {isa = PBXBuildFile; fileRef = EEC7AF2D2B3EA11200B2BA00 /* LaunchScreen.storyboard */; };
		EEC7AF3A2B3EA11200B2BA00 /* video_playerTests.swift in Sources */ = {isa = PBXBuildFile; fileRef = EEC7AF392B3EA11200B2BA00 /* video_playerTests.swift */; };
		EEC7AF442B3EA11200B2BA00 /* video_playerUITests.swift in Sources */ = {isa = PBXBuildFile; fileRef = EEC7AF432B3EA11200B2BA00 /* video_playerUITests.swift */; };
		EEC7AF462B3EA11200B2BA00 /* video_playerUITestsLaunchTests.swift in Sources */ = {isa = PBXBuildFile; fileRef = EEC7AF452B3EA11200B2BA00 /* video_playerUITestsLaunchTests.swift */; };
/* End PBXBuildFile section */

/* Begin PBXContainerItemProxy section */
		EEC7AF362B3EA11200B2BA00 /* PBXContainerItemProxy */ = {
			isa = PBXContainerItemProxy;
			containerPortal = EEC7AF172B3EA11100B2BA00 /* Project object */;
			proxyType = 1;
			remoteGlobalIDString = EEC7AF1E2B3EA11100B2BA00;
			remoteInfo = video_player;
		};
		EEC7AF402B3EA11200B2BA00 /* PBXContainerItemProxy */ = {
			isa = PBXContainerItemProxy;
			containerPortal = EEC7AF172B3EA11100B2BA00 /* Project object */;
			proxyType = 1;
			remoteGlobalIDString = EEC7AF1E2B3EA11100B2BA00;
			remoteInfo = video_player;
		};
/* End PBXContainerItemProxy section */

/* Begin PBXFileReference section */
		EE77D1F82B3EBBEA00B83E41 /* test.mp4 */ = {isa = PBXFileReference; lastKnownFileType = file; name = test.mp4; path = ../../../test.mp4; sourceTree = "<group>"; };
		EEC7AF1F2B3EA11100B2BA00 /* video_player.app */ = {isa = PBXFileReference; explicitFileType = wrapper.application; includeInIndex = 0; path = video_player.app; sourceTree = BUILT_PRODUCTS_DIR; };
		EEC7AF222B3EA11100B2BA00 /* AppDelegate.swift */ = {isa = PBXFileReference; lastKnownFileType = sourcecode.swift; path = AppDelegate.swift; sourceTree = "<group>"; };
		EEC7AF242B3EA11100B2BA00 /* SceneDelegate.swift */ = {isa = PBXFileReference; lastKnownFileType = sourcecode.swift; path = SceneDelegate.swift; sourceTree = "<group>"; };
		EEC7AF262B3EA11100B2BA00 /* ViewController.swift */ = {isa = PBXFileReference; lastKnownFileType = sourcecode.swift; path = ViewController.swift; sourceTree = "<group>"; };
		EEC7AF292B3EA11100B2BA00 /* Base */ = {isa = PBXFileReference; lastKnownFileType = file.storyboard; name = Base; path = Base.lproj/Main.storyboard; sourceTree = "<group>"; };
		EEC7AF2B2B3EA11200B2BA00 /* Assets.xcassets */ = {isa = PBXFileReference; lastKnownFileType = folder.assetcatalog; path = Assets.xcassets; sourceTree = "<group>"; };
		EEC7AF2E2B3EA11200B2BA00 /* Base */ = {isa = PBXFileReference; lastKnownFileType = file.storyboard; name = Base; path = Base.lproj/LaunchScreen.storyboard; sourceTree = "<group>"; };
		EEC7AF302B3EA11200B2BA00 /* Info.plist */ = {isa = PBXFileReference; lastKnownFileType = text.plist.xml; path = Info.plist; sourceTree = "<group>"; };
		EEC7AF352B3EA11200B2BA00 /* video_playerTests.xctest */ = {isa = PBXFileReference; explicitFileType = wrapper.cfbundle; includeInIndex = 0; path = video_playerTests.xctest; sourceTree = BUILT_PRODUCTS_DIR; };
		EEC7AF392B3EA11200B2BA00 /* video_playerTests.swift */ = {isa = PBXFileReference; lastKnownFileType = sourcecode.swift; path = video_playerTests.swift; sourceTree = "<group>"; };
		EEC7AF3F2B3EA11200B2BA00 /* video_playerUITests.xctest */ = {isa = PBXFileReference; explicitFileType = wrapper.cfbundle; includeInIndex = 0; path = video_playerUITests.xctest; sourceTree = BUILT_PRODUCTS_DIR; };
		EEC7AF432B3EA11200B2BA00 /* video_playerUITests.swift */ = {isa = PBXFileReference; lastKnownFileType = sourcecode.swift; path = video_playerUITests.swift; sourceTree = "<group>"; };
		EEC7AF452B3EA11200B2BA00 /* video_playerUITestsLaunchTests.swift */ = {isa = PBXFileReference; lastKnownFileType = sourcecode.swift; path = video_playerUITestsLaunchTests.swift; sourceTree = "<group>"; };
/* End PBXFileReference section */

/* Begin PBXFrameworksBuildPhase section */
		EEC7AF1C2B3EA11100B2BA00 /* Frameworks */ = {
			isa = PBXFrameworksBuildPhase;
			buildActionMask = 2147483647;
			files = (
			);
			runOnlyForDeploymentPostprocessing = 0;
		};
		EEC7AF322B3EA11200B2BA00 /* Frameworks */ = {
			isa = PBXFrameworksBuildPhase;
			buildActionMask = 2147483647;
			files = (
			);
			runOnlyForDeploymentPostprocessing = 0;
		};
		EEC7AF3C2B3EA11200B2BA00 /* Frameworks */ = {
			isa = PBXFrameworksBuildPhase;
			buildActionMask = 2147483647;
			files = (
			);
			runOnlyForDeploymentPostprocessing = 0;
		};
/* End PBXFrameworksBuildPhase section */

/* Begin PBXGroup section */
		EEC7AF162B3EA11100B2BA00 = {
			isa = PBXGroup;
			children = (
				EEC7AF212B3EA11100B2BA00 /* video_player */,
				EEC7AF382B3EA11200B2BA00 /* video_playerTests */,
				EEC7AF422B3EA11200B2BA00 /* video_playerUITests */,
				EEC7AF202B3EA11100B2BA00 /* Products */,
			);
			sourceTree = "<group>";
		};
		EEC7AF202B3EA11100B2BA00 /* Products */ = {
			isa = PBXGroup;
			children = (
				EEC7AF1F2B3EA11100B2BA00 /* video_player.app */,
				EEC7AF352B3EA11200B2BA00 /* video_playerTests.xctest */,
				EEC7AF3F2B3EA11200B2BA00 /* video_playerUITests.xctest */,
			);
			name = Products;
			sourceTree = "<group>";
		};
		EEC7AF212B3EA11100B2BA00 /* video_player */ = {
			isa = PBXGroup;
			children = (
				EEC7AF222B3EA11100B2BA00 /* AppDelegate.swift */,
				EEC7AF242B3EA11100B2BA00 /* SceneDelegate.swift */,
				EEC7AF262B3EA11100B2BA00 /* ViewController.swift */,
				EEC7AF282B3EA11100B2BA00 /* Main.storyboard */,
				EEC7AF2B2B3EA11200B2BA00 /* Assets.xcassets */,
				EE77D1F82B3EBBEA00B83E41 /* test.mp4 */,
				EEC7AF2D2B3EA11200B2BA00 /* LaunchScreen.storyboard */,
				EEC7AF302B3EA11200B2BA00 /* Info.plist */,
			);
			path = video_player;
			sourceTree = "<group>";
		};
		EEC7AF382B3EA11200B2BA00 /* video_playerTests */ = {
			isa = PBXGroup;
			children = (
				EEC7AF392B3EA11200B2BA00 /* video_playerTests.swift */,
			);
			path = video_playerTests;
			sourceTree = "<group>";
		};
		EEC7AF422B3EA11200B2BA00 /* video_playerUITests */ = {
			isa = PBXGroup;
			children = (
				EEC7AF432B3EA11200B2BA00 /* video_playerUITests.swift */,
				EEC7AF452B3EA11200B2BA00 /* video_playerUITestsLaunchTests.swift */,
			);
			path = video_playerUITests;
			sourceTree = "<group>";
		};
/* End PBXGroup section */

/* Begin PBXNativeTarget section */
		EEC7AF1E2B3EA11100B2BA00 /* video_player */ = {
			isa = PBXNativeTarget;
			buildConfigurationList = EEC7AF492B3EA11200B2BA00 /* Build configuration list for PBXNativeTarget "video_player" */;
			buildPhases = (
				EEC7AF1B2B3EA11100B2BA00 /* Sources */,
				EEC7AF1C2B3EA11100B2BA00 /* Frameworks */,
				EEC7AF1D2B3EA11100B2BA00 /* Resources */,
			);
			buildRules = (
			);
			dependencies = (
			);
			name = video_player;
			productName = video_player;
			productReference = EEC7AF1F2B3EA11100B2BA00 /* video_player.app */;
			productType = "com.apple.product-type.application";
		};
		EEC7AF342B3EA11200B2BA00 /* video_playerTests */ = {
			isa = PBXNativeTarget;
			buildConfigurationList = EEC7AF4C2B3EA11200B2BA00 /* Build configuration list for PBXNativeTarget "video_playerTests" */;
			buildPhases = (
				EEC7AF312B3EA11200B2BA00 /* Sources */,
				EEC7AF322B3EA11200B2BA00 /* Frameworks */,
				EEC7AF332B3EA11200B2BA00 /* Resources */,
			);
			buildRules = (
			);
			dependencies = (
				EEC7AF372B3EA11200B2BA00 /* PBXTargetDependency */,
			);
			name = video_playerTests;
			productName = video_playerTests;
			productReference = EEC7AF352B3EA11200B2BA00 /* video_playerTests.xctest */;
			productType = "com.apple.product-type.bundle.unit-test";
		};
		EEC7AF3E2B3EA11200B2BA00 /* video_playerUITests */ = {
			isa = PBXNativeTarget;
			buildConfigurationList = EEC7AF4F2B3EA11200B2BA00 /* Build configuration list for PBXNativeTarget "video_playerUITests" */;
			buildPhases = (
				EEC7AF3B2B3EA11200B2BA00 /* Sources */,
				EEC7AF3C2B3EA11200B2BA00 /* Frameworks */,
				EEC7AF3D2B3EA11200B2BA00 /* Resources */,
			);
			buildRules = (
			);
			dependencies = (
				EEC7AF412B3EA11200B2BA00 /* PBXTargetDependency */,
			);
			name = video_playerUITests;
			productName = video_playerUITests;
			productReference = EEC7AF3F2B3EA11200B2BA00 /* video_playerUITests.xctest */;
			productType = "com.apple.product-type.bundle.ui-testing";
		};
/* End PBXNativeTarget section */

/* Begin PBXProject section */
		EEC7AF172B3EA11100B2BA00 /* Project object */ = {
			isa = PBXProject;
			attributes = {
				BuildIndependentTargetsInParallel = 1;
				LastSwiftUpdateCheck = 1510;
				LastUpgradeCheck = 1510;
				TargetAttributes = {
					EEC7AF1E2B3EA11100B2BA00 = {
						CreatedOnToolsVersion = 15.1;
					};
					EEC7AF342B3EA11200B2BA00 = {
						CreatedOnToolsVersion = 15.1;
						TestTargetID = EEC7AF1E2B3EA11100B2BA00;
					};
					EEC7AF3E2B3EA11200B2BA00 = {
						CreatedOnToolsVersion = 15.1;
						TestTargetID = EEC7AF1E2B3EA11100B2BA00;
					};
				};
			};
			buildConfigurationList = EEC7AF1A2B3EA11100B2BA00 /* Build configuration list for PBXProject "video_player" */;
			compatibilityVersion = "Xcode 14.0";
			developmentRegion = en;
			hasScannedForEncodings = 0;
			knownRegions = (
				en,
				Base,
			);
			mainGroup = EEC7AF162B3EA11100B2BA00;
			productRefGroup = EEC7AF202B3EA11100B2BA00 /* Products */;
			projectDirPath = "";
			projectRoot = "";
			targets = (
				EEC7AF1E2B3EA11100B2BA00 /* video_player */,
				EEC7AF342B3EA11200B2BA00 /* video_playerTests */,
				EEC7AF3E2B3EA11200B2BA00 /* video_playerUITests */,
			);
		};
/* End PBXProject section */

/* Begin PBXResourcesBuildPhase section */
		EEC7AF1D2B3EA11100B2BA00 /* Resources */ = {
			isa = PBXResourcesBuildPhase;
			buildActionMask = 2147483647;
			files = (
				EEC7AF2F2B3EA11200B2BA00 /* LaunchScreen.storyboard in Resources */,
				EEC7AF2C2B3EA11200B2BA00 /* Assets.xcassets in Resources */,
				EEC7AF2A2B3EA11100B2BA00 /* Main.storyboard in Resources */,
				EE77D1F92B3EBBEA00B83E41 /* test.mp4 in Resources */,
			);
			runOnlyForDeploymentPostprocessing = 0;
		};
		EEC7AF332B3EA11200B2BA00 /* Resources */ = {
			isa = PBXResourcesBuildPhase;
			buildActionMask = 2147483647;
			files = (
			);
			runOnlyForDeploymentPostprocessing = 0;
		};
		EEC7AF3D2B3EA11200B2BA00 /* Resources */ = {
			isa = PBXResourcesBuildPhase;
			buildActionMask = 2147483647;
			files = (
			);
			runOnlyForDeploymentPostprocessing = 0;
		};
/* End PBXResourcesBuildPhase section */

/* Begin PBXSourcesBuildPhase section */
		EEC7AF1B2B3EA11100B2BA00 /* Sources */ = {
			isa = PBXSourcesBuildPhase;
			buildActionMask = 2147483647;
			files = (
				EEC7AF272B3EA11100B2BA00 /* ViewController.swift in Sources */,
				EEC7AF232B3EA11100B2BA00 /* AppDelegate.swift in Sources */,
				EEC7AF252B3EA11100B2BA00 /* SceneDelegate.swift in Sources */,
			);
			runOnlyForDeploymentPostprocessing = 0;
		};
		EEC7AF312B3EA11200B2BA00 /* Sources */ = {
			isa = PBXSourcesBuildPhase;
			buildActionMask = 2147483647;
			files = (
				EEC7AF3A2B3EA11200B2BA00 /* video_playerTests.swift in Sources */,
			);
			runOnlyForDeploymentPostprocessing = 0;
		};
		EEC7AF3B2B3EA11200B2BA00 /* Sources */ = {
			isa = PBXSourcesBuildPhase;
			buildActionMask = 2147483647;
			files = (
				EEC7AF442B3EA11200B2BA00 /* video_playerUITests.swift in Sources */,
				EEC7AF462B3EA11200B2BA00 /* video_playerUITestsLaunchTests.swift in Sources */,
			);
			runOnlyForDeploymentPostprocessing = 0;
		};
/* End PBXSourcesBuildPhase section */

/* Begin PBXTargetDependency section */
		EEC7AF372B3EA11200B2BA00 /* PBXTargetDependency */ = {
			isa = PBXTargetDependency;
			target = EEC7AF1E2B3EA11100B2BA00 /* video_player */;
			targetProxy = EEC7AF362B3EA11200B2BA00 /* PBXContainerItemProxy */;
		};
		EEC7AF412B3EA11200B2BA00 /* PBXTargetDependency */ = {
			isa = PBXTargetDependency;
			target = EEC7AF1E2B3EA11100B2BA00 /* video_player */;
			targetProxy = EEC7AF402B3EA11200B2BA00 /* PBXContainerItemProxy */;
		};
/* End PBXTargetDependency section */

/* Begin PBXVariantGroup section */
		EEC7AF282B3EA11100B2BA00 /* Main.storyboard */ = {
			isa = PBXVariantGroup;
			children = (
				EEC7AF292B3EA11100B2BA00 /* Base */,
			);
			name = Main.storyboard;
			sourceTree = "<group>";
		};
		EEC7AF2D2B3EA11200B2BA00 /* LaunchScreen.storyboard */ = {
			isa = PBXVariantGroup;
			children = (
				EEC7AF2E2B3EA11200B2BA00 /* Base */,
			);
			name = LaunchScreen.storyboard;
			sourceTree = "<group>";
		};
/* End PBXVariantGroup section */

/* Begin XCBuildConfiguration section */
		EEC7AF472B3EA11200B2BA00 /* Debug */ = {
			isa = XCBuildConfiguration;
			buildSettings = {
				ALWAYS_SEARCH_USER_PATHS = NO;
				ASSETCATALOG_COMPILER_GENERATE_SWIFT_ASSET_SYMBOL_EXTENSIONS = YES;
				CLANG_ANALYZER_NONNULL = YES;
				CLANG_ANALYZER_NUMBER_OBJECT_CONVERSION = YES_AGGRESSIVE;
				CLANG_CXX_LANGUAGE_STANDARD = "gnu++20";
				CLANG_ENABLE_MODULES = YES;
				CLANG_ENABLE_OBJC_ARC = YES;
				CLANG_ENABLE_OBJC_WEAK = YES;
				CLANG_WARN_BLOCK_CAPTURE_AUTORELEASING = YES;
				CLANG_WARN_BOOL_CONVERSION = YES;
				CLANG_WARN_COMMA = YES;
				CLANG_WARN_CONSTANT_CONVERSION = YES;
				CLANG_WARN_DEPRECATED_OBJC_IMPLEMENTATIONS = YES;
				CLANG_WARN_DIRECT_OBJC_ISA_USAGE = YES_ERROR;
				CLANG_WARN_DOCUMENTATION_COMMENTS = YES;
				CLANG_WARN_EMPTY_BODY = YES;
				CLANG_WARN_ENUM_CONVERSION = YES;
				CLANG_WARN_INFINITE_RECURSION = YES;
				CLANG_WARN_INT_CONVERSION = YES;
				CLANG_WARN_NON_LITERAL_NULL_CONVERSION = YES;
				CLANG_WARN_OBJC_IMPLICIT_RETAIN_SELF = YES;
				CLANG_WARN_OBJC_LITERAL_CONVERSION = YES;
				CLANG_WARN_OBJC_ROOT_CLASS = YES_ERROR;
				CLANG_WARN_QUOTED_INCLUDE_IN_FRAMEWORK_HEADER = YES;
				CLANG_WARN_RANGE_LOOP_ANALYSIS = YES;
				CLANG_WARN_STRICT_PROTOTYPES = YES;
				CLANG_WARN_SUSPICIOUS_MOVE = YES;
				CLANG_WARN_UNGUARDED_AVAILABILITY = YES_AGGRESSIVE;
				CLANG_WARN_UNREACHABLE_CODE = YES;
				CLANG_WARN__DUPLICATE_METHOD_MATCH = YES;
				COPY_PHASE_STRIP = NO;
				DEBUG_INFORMATION_FORMAT = dwarf;
				ENABLE_STRICT_OBJC_MSGSEND = YES;
				ENABLE_TESTABILITY = YES;
				ENABLE_USER_SCRIPT_SANDBOXING = YES;
				GCC_C_LANGUAGE_STANDARD = gnu17;
				GCC_DYNAMIC_NO_PIC = NO;
				GCC_NO_COMMON_BLOCKS = YES;
				GCC_OPTIMIZATION_LEVEL = 0;
				GCC_PREPROCESSOR_DEFINITIONS = (
					"DEBUG=1",
					"$(inherited)",
				);
				GCC_WARN_64_TO_32_BIT_CONVERSION = YES;
				GCC_WARN_ABOUT_RETURN_TYPE = YES_ERROR;
				GCC_WARN_UNDECLARED_SELECTOR = YES;
				GCC_WARN_UNINITIALIZED_AUTOS = YES_AGGRESSIVE;
				GCC_WARN_UNUSED_FUNCTION = YES;
				GCC_WARN_UNUSED_VARIABLE = YES;
				IPHONEOS_DEPLOYMENT_TARGET = 17.2;
				LOCALIZATION_PREFERS_STRING_CATALOGS = YES;
				MTL_ENABLE_DEBUG_INFO = INCLUDE_SOURCE;
				MTL_FAST_MATH = YES;
				ONLY_ACTIVE_ARCH = YES;
				SDKROOT = iphoneos;
				SWIFT_ACTIVE_COMPILATION_CONDITIONS = "DEBUG $(inherited)";
				SWIFT_OPTIMIZATION_LEVEL = "-Onone";
			};
			name = Debug;
		};
		EEC7AF482B3EA11200B2BA00 /* Release */ = {
			isa = XCBuildConfiguration;
			buildSettings = {
				ALWAYS_SEARCH_USER_PATHS = NO;
				ASSETCATALOG_COMPILER_GENERATE_SWIFT_ASSET_SYMBOL_EXTENSIONS = YES;
				CLANG_ANALYZER_NONNULL = YES;
				CLANG_ANALYZER_NUMBER_OBJECT_CONVERSION = YES_AGGRESSIVE;
				CLANG_CXX_LANGUAGE_STANDARD = "gnu++20";
				CLANG_ENABLE_MODULES = YES;
				CLANG_ENABLE_OBJC_ARC = YES;
				CLANG_ENABLE_OBJC_WEAK = YES;
				CLANG_WARN_BLOCK_CAPTURE_AUTORELEASING = YES;
				CLANG_WARN_BOOL_CONVERSION = YES;
				CLANG_WARN_COMMA = YES;
				CLANG_WARN_CONSTANT_CONVERSION = YES;
				CLANG_WARN_DEPRECATED_OBJC_IMPLEMENTATIONS = YES;
				CLANG_WARN_DIRECT_OBJC_ISA_USAGE = YES_ERROR;
				CLANG_WARN_DOCUMENTATION_COMMENTS = YES;
				CLANG_WARN_EMPTY_BODY = YES;
				CLANG_WARN_ENUM_CONVERSION = YES;
				CLANG_WARN_INFINITE_RECURSION = YES;
				CLANG_WARN_INT_CONVERSION = YES;
				CLANG_WARN_NON_LITERAL_NULL_CONVERSION = YES;
				CLANG_WARN_OBJC_IMPLICIT_RETAIN_SELF = YES;
				CLANG_WARN_OBJC_LITERAL_CONVERSION = YES;
				CLANG_WARN_OBJC_ROOT_CLASS = YES_ERROR;
				CLANG_WARN_QUOTED_INCLUDE_IN_FRAMEWORK_HEADER = YES;
				CLANG_WARN_RANGE_LOOP_ANALYSIS = YES;
				CLANG_WARN_STRICT_PROTOTYPES = YES;
				CLANG_WARN_SUSPICIOUS_MOVE = YES;
				CLANG_WARN_UNGUARDED_AVAILABILITY = YES_AGGRESSIVE;
				CLANG_WARN_UNREACHABLE_CODE = YES;
				CLANG_WARN__DUPLICATE_METHOD_MATCH = YES;
				COPY_PHASE_STRIP = NO;
				DEBUG_INFORMATION_FORMAT = "dwarf-with-dsym";
				ENABLE_NS_ASSERTIONS = NO;
				ENABLE_STRICT_OBJC_MSGSEND = YES;
				ENABLE_USER_SCRIPT_SANDBOXING = YES;
				GCC_C_LANGUAGE_STANDARD = gnu17;
				GCC_NO_COMMON_BLOCKS = YES;
				GCC_WARN_64_TO_32_BIT_CONVERSION = YES;
				GCC_WARN_ABOUT_RETURN_TYPE = YES_ERROR;
				GCC_WARN_UNDECLARED_SELECTOR = YES;
				GCC_WARN_UNINITIALIZED_AUTOS = YES_AGGRESSIVE;
				GCC_WARN_UNUSED_FUNCTION = YES;
				GCC_WARN_UNUSED_VARIABLE = YES;
				IPHONEOS_DEPLOYMENT_TARGET = 17.2;
				LOCALIZATION_PREFERS_STRING_CATALOGS = YES;
				MTL_ENABLE_DEBUG_INFO = NO;
				MTL_FAST_MATH = YES;
				SDKROOT = iphoneos;
				SWIFT_COMPILATION_MODE = wholemodule;
				VALIDATE_PRODUCT = YES;
			};
			name = Release;
		};
		EEC7AF4A2B3EA11200B2BA00 /* Debug */ = {
			isa = XCBuildConfiguration;
			buildSettings = {
				ASSETCATALOG_COMPILER_APPICON_NAME = AppIcon;
				ASSETCATALOG_COMPILER_GLOBAL_ACCENT_COLOR_NAME = AccentColor;
				CODE_SIGN_STYLE = Automatic;
				CURRENT_PROJECT_VERSION = 1;
				GENERATE_INFOPLIST_FILE = YES;
				INFOPLIST_FILE = video_player/Info.plist;
				INFOPLIST_KEY_UIApplicationSupportsIndirectInputEvents = YES;
				INFOPLIST_KEY_UILaunchStoryboardName = LaunchScreen;
				INFOPLIST_KEY_UIMainStoryboardFile = Main;
				INFOPLIST_KEY_UISupportedInterfaceOrientations_iPad = "UIInterfaceOrientationPortrait UIInterfaceOrientationPortraitUpsideDown UIInterfaceOrientationLandscapeLeft UIInterfaceOrientationLandscapeRight";
				INFOPLIST_KEY_UISupportedInterfaceOrientations_iPhone = "UIInterfaceOrientationPortrait UIInterfaceOrientationLandscapeLeft UIInterfaceOrientationLandscapeRight";
				LD_RUNPATH_SEARCH_PATHS = (
					"$(inherited)",
					"@executable_path/Frameworks",
				);
				MARKETING_VERSION = 1.0;
				PRODUCT_BUNDLE_IDENTIFIER = "conan.video-player";
				PRODUCT_NAME = "$(TARGET_NAME)";
				SWIFT_EMIT_LOC_STRINGS = YES;
				SWIFT_VERSION = 5.0;
				TARGETED_DEVICE_FAMILY = "1,2";
			};
			name = Debug;
		};
		EEC7AF4B2B3EA11200B2BA00 /* Release */ = {
			isa = XCBuildConfiguration;
			buildSettings = {
				ASSETCATALOG_COMPILER_APPICON_NAME = AppIcon;
				ASSETCATALOG_COMPILER_GLOBAL_ACCENT_COLOR_NAME = AccentColor;
				CODE_SIGN_STYLE = Automatic;
				CURRENT_PROJECT_VERSION = 1;
				GENERATE_INFOPLIST_FILE = YES;
				INFOPLIST_FILE = video_player/Info.plist;
				INFOPLIST_KEY_UIApplicationSupportsIndirectInputEvents = YES;
				INFOPLIST_KEY_UILaunchStoryboardName = LaunchScreen;
				INFOPLIST_KEY_UIMainStoryboardFile = Main;
				INFOPLIST_KEY_UISupportedInterfaceOrientations_iPad = "UIInterfaceOrientationPortrait UIInterfaceOrientationPortraitUpsideDown UIInterfaceOrientationLandscapeLeft UIInterfaceOrientationLandscapeRight";
				INFOPLIST_KEY_UISupportedInterfaceOrientations_iPhone = "UIInterfaceOrientationPortrait UIInterfaceOrientationLandscapeLeft UIInterfaceOrientationLandscapeRight";
				LD_RUNPATH_SEARCH_PATHS = (
					"$(inherited)",
					"@executable_path/Frameworks",
				);
				MARKETING_VERSION = 1.0;
				PRODUCT_BUNDLE_IDENTIFIER = "conan.video-player";
				PRODUCT_NAME = "$(TARGET_NAME)";
				SWIFT_EMIT_LOC_STRINGS = YES;
				SWIFT_VERSION = 5.0;
				TARGETED_DEVICE_FAMILY = "1,2";
			};
			name = Release;
		};
		EEC7AF4D2B3EA11200B2BA00 /* Debug */ = {
			isa = XCBuildConfiguration;
			buildSettings = {
				ALWAYS_EMBED_SWIFT_STANDARD_LIBRARIES = YES;
				BUNDLE_LOADER = "$(TEST_HOST)";
				CODE_SIGN_STYLE = Automatic;
				CURRENT_PROJECT_VERSION = 1;
				GENERATE_INFOPLIST_FILE = YES;
				IPHONEOS_DEPLOYMENT_TARGET = 17.2;
				MARKETING_VERSION = 1.0;
				PRODUCT_BUNDLE_IDENTIFIER = "conan.video-playerTests";
				PRODUCT_NAME = "$(TARGET_NAME)";
				SWIFT_EMIT_LOC_STRINGS = NO;
				SWIFT_VERSION = 5.0;
				TARGETED_DEVICE_FAMILY = "1,2";
				TEST_HOST = "$(BUILT_PRODUCTS_DIR)/video_player.app/$(BUNDLE_EXECUTABLE_FOLDER_PATH)/video_player";
			};
			name = Debug;
		};
		EEC7AF4E2B3EA11200B2BA00 /* Release */ = {
			isa = XCBuildConfiguration;
			buildSettings = {
				ALWAYS_EMBED_SWIFT_STANDARD_LIBRARIES = YES;
				BUNDLE_LOADER = "$(TEST_HOST)";
				CODE_SIGN_STYLE = Automatic;
				CURRENT_PROJECT_VERSION = 1;
				GENERATE_INFOPLIST_FILE = YES;
				IPHONEOS_DEPLOYMENT_TARGET = 17.2;
				MARKETING_VERSION = 1.0;
				PRODUCT_BUNDLE_IDENTIFIER = "conan.video-playerTests";
				PRODUCT_NAME = "$(TARGET_NAME)";
				SWIFT_EMIT_LOC_STRINGS = NO;
				SWIFT_VERSION = 5.0;
				TARGETED_DEVICE_FAMILY = "1,2";
				TEST_HOST = "$(BUILT_PRODUCTS_DIR)/video_player.app/$(BUNDLE_EXECUTABLE_FOLDER_PATH)/video_player";
			};
			name = Release;
		};
		EEC7AF502B3EA11200B2BA00 /* Debug */ = {
			isa = XCBuildConfiguration;
			buildSettings = {
				ALWAYS_EMBED_SWIFT_STANDARD_LIBRARIES = YES;
				CODE_SIGN_STYLE = Automatic;
				CURRENT_PROJECT_VERSION = 1;
				GENERATE_INFOPLIST_FILE = YES;
				MARKETING_VERSION = 1.0;
				PRODUCT_BUNDLE_IDENTIFIER = "conan.video-playerUITests";
				PRODUCT_NAME = "$(TARGET_NAME)";
				SWIFT_EMIT_LOC_STRINGS = NO;
				SWIFT_VERSION = 5.0;
				TARGETED_DEVICE_FAMILY = "1,2";
				TEST_TARGET_NAME = video_player;
			};
			name = Debug;
		};
		EEC7AF512B3EA11200B2BA00 /* Release */ = {
			isa = XCBuildConfiguration;
			buildSettings = {
				ALWAYS_EMBED_SWIFT_STANDARD_LIBRARIES = YES;
				CODE_SIGN_STYLE = Automatic;
				CURRENT_PROJECT_VERSION = 1;
				GENERATE_INFOPLIST_FILE = YES;
				MARKETING_VERSION = 1.0;
				PRODUCT_BUNDLE_IDENTIFIER = "conan.video-playerUITests";
				PRODUCT_NAME = "$(TARGET_NAME)";
				SWIFT_EMIT_LOC_STRINGS = NO;
				SWIFT_VERSION = 5.0;
				TARGETED_DEVICE_FAMILY = "1,2";
				TEST_TARGET_NAME = video_player;
			};
			name = Release;
		};
/* End XCBuildConfiguration section */

/* Begin XCConfigurationList section */
		EEC7AF1A2B3EA11100B2BA00 /* Build configuration list for PBXProject "video_player" */ = {
			isa = XCConfigurationList;
			buildConfigurations = (
				EEC7AF472B3EA11200B2BA00 /* Debug */,
				EEC7AF482B3EA11200B2BA00 /* Release */,
			);
			defaultConfigurationIsVisible = 0;
			defaultConfigurationName = Release;
		};
		EEC7AF492B3EA11200B2BA00 /* Build configuration list for PBXNativeTarget "video_player" */ = {
			isa = XCConfigurationList;
			buildConfigurations = (
				EEC7AF4A2B3EA11200B2BA00 /* Debug */,
				EEC7AF4B2B3EA11200B2BA00 /* Release */,
			);
			defaultConfigurationIsVisible = 0;
			defaultConfigurationName = Release;
		};
		EEC7AF4C2B3EA11200B2BA00 /* Build configuration list for PBXNativeTarget "video_playerTests" */ = {
			isa = XCConfigurationList;
			buildConfigurations = (
				EEC7AF4D2B3EA11200B2BA00 /* Debug */,
				EEC7AF4E2B3EA11200B2BA00 /* Release */,
			);
			defaultConfigurationIsVisible = 0;
			defaultConfigurationName = Release;
		};
		EEC7AF4F2B3EA11200B2BA00 /* Build configuration list for PBXNativeTarget "video_playerUITests" */ = {
			isa = XCConfigurationList;
			buildConfigurations = (
				EEC7AF502B3EA11200B2BA00 /* Debug */,
				EEC7AF512B3EA11200B2BA00 /* Release */,
			);
			defaultConfigurationIsVisible = 0;
			defaultConfigurationName = Release;
		};
/* End XCConfigurationList section */
	};
	rootObject = EEC7AF172B3EA11100B2BA00 /* Project object */;
}
